
Microsoft Visual Studio Solution File, Format Version 12.00
Project("{FAE04EC0-301F-11D3-BF4B-00C04F79EFBC}") = "webapi-starter", "webapi-starter\webapi-starter.csproj", "{4BBBF1D8-1D76-4EAF-8CC1-D46D00FC0DE0}"
EndProject
Global
	GlobalSection(SolutionConfigurationPlatforms) = preSolution
		Debug|Any CPU = Debug|Any CPU
		Release|Any CPU = Release|Any CPU
	EndGlobalSection
	GlobalSection(ProjectConfigurationPlatforms) = postSolution
		{4BBBF1D8-1D76-4EAF-8CC1-D46D00FC0DE0}.Debug|Any CPU.ActiveCfg = Debug|Any CPU
		{4BBBF1D8-1D76-4EAF-8CC1-D46D00FC0DE0}.Debug|Any CPU.Build.0 = Debug|Any CPU
		{4BBBF1D8-1D76-4EAF-8CC1-D46D00FC0DE0}.Release|Any CPU.ActiveCfg = Release|Any CPU
		{4BBBF1D8-1D76-4EAF-8CC1-D46D00FC0DE0}.Release|Any CPU.Build.0 = Release|Any CPU
	EndGlobalSection
EndGlobal
